
Microsoft Visual Studio Solution File, Format Version 12.00
# Visual Studio 15
VisualStudioVersion = 15.0.27703.2035
MinimumVisualStudioVersion = 10.0.40219.1
Project("{FAE04EC0-301F-11D3-BF4B-00C04F79EFBC}") = "Client", "Client\Client.csproj", "{D3644CEF-2F27-41D5-9E61-C5D9CB1E2993}"
EndProject
Project("{FAE04EC0-301F-11D3-BF4B-00C04F79EFBC}") = "ServerHub", "ServerHub\ServerHub.csproj", "{321A6D0C-8612-480C-86E2-78E270600AE9}"
EndProject
Global
	GlobalSection(SolutionConfigurationPlatforms) = preSolution
		Debug|Any CPU = Debug|Any CPU
		Release|Any CPU = Release|Any CPU
	EndGlobalSection
	GlobalSection(ProjectConfigurationPlatforms) = postSolution
		{D3644CEF-2F27-41D5-9E61-C5D9CB1E2993}.Debug|Any CPU.ActiveCfg = Debug|Any CPU
		{D3644CEF-2F27-41D5-9E61-C5D9CB1E2993}.Debug|Any CPU.Build.0 = Debug|Any CPU
		{D3644CEF-2F27-41D5-9E61-C5D9CB1E2993}.Release|Any CPU.ActiveCfg = Release|Any CPU
		{D3644CEF-2F27-41D5-9E61-C5D9CB1E2993}.Release|Any CPU.Build.0 = Release|Any CPU
		{321A6D0C-8612-480C-86E2-78E270600AE9}.Debug|Any CPU.ActiveCfg = Debug|Any CPU
		{321A6D0C-8612-480C-86E2-78E270600AE9}.Debug|Any CPU.Build.0 = Debug|Any CPU
		{321A6D0C-8612-480C-86E2-78E270600AE9}.Release|Any CPU.ActiveCfg = Release|Any CPU
		{321A6D0C-8612-480C-86E2-78E270600AE9}.Release|Any CPU.Build.0 = Release|Any CPU
	EndGlobalSection
	GlobalSection(SolutionProperties) = preSolution
		HideSolutionNode = FALSE
	EndGlobalSection
	GlobalSection(ExtensibilityGlobals) = postSolution
		SolutionGuid = {5D269FB3-24D3-40FF-86DC-16170F326F25}
	EndGlobalSection
EndGlobal
